// !$*UTF8*$!
{
	archiveVersion = 1;
	classes = {
	};
	objectVersion = 46;
	objects = {

/* Begin PBXBuildFile section */
		7E1192C91D4C3ABD004C34FC /* AppDelegate.swift in Sources */ = {isa = PBXBuildFile; fileRef = 7E1192C81D4C3ABD004C34FC /* AppDelegate.swift */; };
		7E1192CB1D4C3ABD004C34FC /* ViewController.swift in Sources */ = {isa = PBXBuildFile; fileRef = 7E1192CA1D4C3ABD004C34FC /* ViewController.swift */; };
		7E1192CE1D4C3ABD004C34FC /* Main.storyboard in Resources */ = {isa = PBXBuildFile; fileRef = 7E1192CC1D4C3ABD004C34FC /* Main.storyboard */; };
		7E1192D01D4C3ABD004C34FC /* Assets.xcassets in Resources */ = {isa = PBXBuildFile; fileRef = 7E1192CF1D4C3ABD004C34FC /* Assets.xcassets */; };
		7E1192D31D4C3ABD004C34FC /* LaunchScreen.storyboard in Resources */ = {isa = PBXBuildFile; fileRef = 7E1192D11D4C3ABD004C34FC /* LaunchScreen.storyboard */; };
		7E1192DB1D4C4956004C34FC /* QuizModel.swift in Sources */ = {isa = PBXBuildFile; fileRef = 7E1192DA1D4C4956004C34FC /* QuizModel.swift */; };
		7E1192DD1D4C50A1004C34FC /* ExtraFunctions.swift in Sources */ = {isa = PBXBuildFile; fileRef = 7E1192DC1D4C50A1004C34FC /* ExtraFunctions.swift */; };
/* End PBXBuildFile section */

/* Begin PBXFileReference section */
		7E1192C51D4C3ABD004C34FC /* QuizGoT.app */ = {isa = PBXFileReference; explicitFileType = wrapper.application; includeInIndex = 0; path = QuizGoT.app; sourceTree = BUILT_PRODUCTS_DIR; };
		7E1192C81D4C3ABD004C34FC /* AppDelegate.swift */ = {isa = PBXFileReference; lastKnownFileType = sourcecode.swift; path = AppDelegate.swift; sourceTree = "<group>"; };
		7E1192CA1D4C3ABD004C34FC /* ViewController.swift */ = {isa = PBXFileReference; lastKnownFileType = sourcecode.swift; path = ViewController.swift; sourceTree = "<group>"; };
		7E1192CD1D4C3ABD004C34FC /* Base */ = {isa = PBXFileReference; lastKnownFileType = file.storyboard; name = Base; path = Base.lproj/Main.storyboard; sourceTree = "<group>"; };
		7E1192CF1D4C3ABD004C34FC /* Assets.xcassets */ = {isa = PBXFileReference; lastKnownFileType = folder.assetcatalog; path = Assets.xcassets; sourceTree = "<group>"; };
		7E1192D21D4C3ABD004C34FC /* Base */ = {isa = PBXFileReference; lastKnownFileType = file.storyboard; name = Base; path = Base.lproj/LaunchScreen.storyboard; sourceTree = "<group>"; };
		7E1192D41D4C3ABD004C34FC /* Info.plist */ = {isa = PBXFileReference; lastKnownFileType = text.plist.xml; path = Info.plist; sourceTree = "<group>"; };
		7E1192DA1D4C4956004C34FC /* QuizModel.swift */ = {isa = PBXFileReference; fileEncoding = 4; lastKnownFileType = sourcecode.swift; path = QuizModel.swift; sourceTree = "<group>"; };
		7E1192DC1D4C50A1004C34FC /* ExtraFunctions.swift */ = {isa = PBXFileReference; fileEncoding = 4; lastKnownFileType = sourcecode.swift; path = ExtraFunctions.swift; sourceTree = "<group>"; };
/* End PBXFileReference section */

/* Begin PBXFrameworksBuildPhase section */
		7E1192C21D4C3ABD004C34FC /* Frameworks */ = {
			isa = PBXFrameworksBuildPhase;
			buildActionMask = 2147483647;
			files = (
			);
			runOnlyForDeploymentPostprocessing = 0;
		};
/* End PBXFrameworksBuildPhase section */

/* Begin PBXGroup section */
		7E1192BC1D4C3ABD004C34FC = {
			isa = PBXGroup;
			children = (
				7E1192C71D4C3ABD004C34FC /* QuizGoT */,
				7E1192C61D4C3ABD004C34FC /* Products */,
			);
			sourceTree = "<group>";
		};
		7E1192C61D4C3ABD004C34FC /* Products */ = {
			isa = PBXGroup;
			children = (
				7E1192C51D4C3ABD004C34FC /* QuizGoT.app */,
			);
			name = Products;
			sourceTree = "<group>";
		};
		7E1192C71D4C3ABD004C34FC /* QuizGoT */ = {
			isa = PBXGroup;
			children = (
				7E1192C81D4C3ABD004C34FC /* AppDelegate.swift */,
				7E1192CA1D4C3ABD004C34FC /* ViewController.swift */,
				7E1192CC1D4C3ABD004C34FC /* Main.storyboard */,
				7E1192DA1D4C4956004C34FC /* QuizModel.swift */,
				7E1192DC1D4C50A1004C34FC /* ExtraFunctions.swift */,
				7E1192CF1D4C3ABD004C34FC /* Assets.xcassets */,
				7E1192D11D4C3ABD004C34FC /* LaunchScreen.storyboard */,
				7E1192D41D4C3ABD004C34FC /* Info.plist */,
			);
			path = QuizGoT;
			sourceTree = "<group>";
		};
/* End PBXGroup section */

/* Begin PBXNativeTarget section */
		7E1192C41D4C3ABD004C34FC /* QuizGoT */ = {
			isa = PBXNativeTarget;
			buildConfigurationList = 7E1192D71D4C3ABD004C34FC /* Build configuration list for PBXNativeTarget "QuizGoT" */;
			buildPhases = (
				7E1192C11D4C3ABD004C34FC /* Sources */,
				7E1192C21D4C3ABD004C34FC /* Frameworks */,
				7E1192C31D4C3ABD004C34FC /* Resources */,
			);
			buildRules = (
			);
			dependencies = (
			);
			name = QuizGoT;
			productName = QuizGoT;
			productReference = 7E1192C51D4C3ABD004C34FC /* QuizGoT.app */;
			productType = "com.apple.product-type.application";
		};
/* End PBXNativeTarget section */

/* Begin PBXProject section */
		7E1192BD1D4C3ABD004C34FC /* Project object */ = {
			isa = PBXProject;
			attributes = {
				LastSwiftUpdateCheck = 0730;
				LastUpgradeCheck = 0730;
				ORGANIZATIONNAME = samueldfo;
				TargetAttributes = {
					7E1192C41D4C3ABD004C34FC = {
						CreatedOnToolsVersion = 7.3.1;
						DevelopmentTeam = REN84SUHZW;
					};
				};
			};
			buildConfigurationList = 7E1192C01D4C3ABD004C34FC /* Build configuration list for PBXProject "QuizGoT" */;
			compatibilityVersion = "Xcode 3.2";
			developmentRegion = English;
			hasScannedForEncodings = 0;
			knownRegions = (
				en,
				Base,
			);
			mainGroup = 7E1192BC1D4C3ABD004C34FC;
			productRefGroup = 7E1192C61D4C3ABD004C34FC /* Products */;
			projectDirPath = "";
			projectRoot = "";
			targets = (
				7E1192C41D4C3ABD004C34FC /* QuizGoT */,
			);
		};
/* End PBXProject section */

/* Begin PBXResourcesBuildPhase section */
		7E1192C31D4C3ABD004C34FC /* Resources */ = {
			isa = PBXResourcesBuildPhase;
			buildActionMask = 2147483647;
			files = (
				7E1192D31D4C3ABD004C34FC /* LaunchScreen.storyboard in Resources */,
				7E1192D01D4C3ABD004C34FC /* Assets.xcassets in Resources */,
				7E1192CE1D4C3ABD004C34FC /* Main.storyboard in Resources */,
			);
			runOnlyForDeploymentPostprocessing = 0;
		};
/* End PBXResourcesBuildPhase section */

/* Begin PBXSourcesBuildPhase section */
		7E1192C11D4C3ABD004C34FC /* Sources */ = {
			isa = PBXSourcesBuildPhase;
			buildActionMask = 2147483647;
			files = (
				7E1192DD1D4C50A1004C34FC /* ExtraFunctions.swift in Sources */,
				7E1192CB1D4C3ABD004C34FC /* ViewController.swift in Sources */,
				7E1192DB1D4C4956004C34FC /* QuizModel.swift in Sources */,
				7E1192C91D4C3ABD004C34FC /* AppDelegate.swift in Sources */,
			);
			runOnlyForDeploymentPostprocessing = 0;
		};
/* End PBXSourcesBuildPhase section */

/* Begin PBXVariantGroup section */
		7E1192CC1D4C3ABD004C34FC /* Main.storyboard */ = {
			isa = PBXVariantGroup;
			children = (
				7E1192CD1D4C3ABD004C34FC /* Base */,
			);
			name = Main.storyboard;
			sourceTree = "<group>";
		};
		7E1192D11D4C3ABD004C34FC /* LaunchScreen.storyboard */ = {
			isa = PBXVariantGroup;
			children = (
				7E1192D21D4C3ABD004C34FC /* Base */,
			);
			name = LaunchScreen.storyboard;
			sourceTree = "<group>";
		};
/* End PBXVariantGroup section */

/* Begin XCBuildConfiguration section */
		7E1192D51D4C3ABD004C34FC /* Debug */ = {
			isa = XCBuildConfiguration;
			buildSettings = {
				ALWAYS_SEARCH_USER_PATHS = NO;
				CLANG_ANALYZER_NONNULL = YES;
				CLANG_CXX_LANGUAGE_STANDARD = "gnu++0x";
				CLANG_CXX_LIBRARY = "libc++";
				CLANG_ENABLE_MODULES = YES;
				CLANG_ENABLE_OBJC_ARC = YES;
				CLANG_WARN_BOOL_CONVERSION = YES;
				CLANG_WARN_CONSTANT_CONVERSION = YES;
				CLANG_WARN_DIRECT_OBJC_ISA_USAGE = YES_ERROR;
				CLANG_WARN_EMPTY_BODY = YES;
				CLANG_WARN_ENUM_CONVERSION = YES;
				CLANG_WARN_INT_CONVERSION = YES;
				CLANG_WARN_OBJC_ROOT_CLASS = YES_ERROR;
				CLANG_WARN_UNREACHABLE_CODE = YES;
				CLANG_WARN__DUPLICATE_METHOD_MATCH = YES;
				"CODE_SIGN_IDENTITY[sdk=iphoneos*]" = "iPhone Developer";
				COPY_PHASE_STRIP = NO;
				DEBUG_INFORMATION_FORMAT = dwarf;
				ENABLE_STRICT_OBJC_MSGSEND = YES;
				ENABLE_TESTABILITY = YES;
				GCC_C_LANGUAGE_STANDARD = gnu99;
				GCC_DYNAMIC_NO_PIC = NO;
				GCC_NO_COMMON_BLOCKS = YES;
				GCC_OPTIMIZATION_LEVEL = 0;
				GCC_PREPROCESSOR_DEFINITIONS = (
					"DEBUG=1",
					"$(inherited)",
				);
				GCC_WARN_64_TO_32_BIT_CONVERSION = YES;
				GCC_WARN_ABOUT_RETURN_TYPE = YES_ERROR;
				GCC_WARN_UNDECLARED_SELECTOR = YES;
				GCC_WARN_UNINITIALIZED_AUTOS = YES_AGGRESSIVE;
				GCC_WARN_UNUSED_FUNCTION = YES;
				GCC_WARN_UNUSED_VARIABLE = YES;
				IPHONEOS_DEPLOYMENT_TARGET = 9.3;
				MTL_ENABLE_DEBUG_INFO = YES;
				ONLY_ACTIVE_ARCH = YES;
				SDKROOT = iphoneos;
				SWIFT_OPTIMIZATION_LEVEL = "-Onone";
			};
			name = Debug;
		};
		7E1192D61D4C3ABD004C34FC /* Release */ = {
			isa = XCBuildConfiguration;
			buildSettings = {
				ALWAYS_SEARCH_USER_PATHS = NO;
				CLANG_ANALYZER_NONNULL = YES;
				CLANG_CXX_LANGUAGE_STANDARD = "gnu++0x";
				CLANG_CXX_LIBRARY = "libc++";
				CLANG_ENABLE_MODULES = YES;
				CLANG_ENABLE_OBJC_ARC = YES;
				CLANG_WARN_BOOL_CONVERSION = YES;
				CLANG_WARN_CONSTANT_CONVERSION = YES;
				CLANG_WARN_DIRECT_OBJC_ISA_USAGE = YES_ERROR;
				CLANG_WARN_EMPTY_BODY = YES;
				CLANG_WARN_ENUM_CONVERSION = YES;
				CLANG_WARN_INT_CONVERSION = YES;
				CLANG_WARN_OBJC_ROOT_CLASS = YES_ERROR;
				CLANG_WARN_UNREACHABLE_CODE = YES;
				CLANG_WARN__DUPLICATE_METHOD_MATCH = YES;
				"CODE_SIGN_IDENTITY[sdk=iphoneos*]" = "iPhone Developer";
				COPY_PHASE_STRIP = NO;
				DEBUG_INFORMATION_FORMAT = "dwarf-with-dsym";
				ENABLE_NS_ASSERTIONS = NO;
				ENABLE_STRICT_OBJC_MSGSEND = YES;
				GCC_C_LANGUAGE_STANDARD = gnu99;
				GCC_NO_COMMON_BLOCKS = YES;
				GCC_WARN_64_TO_32_BIT_CONVERSION = YES;
				GCC_WARN_ABOUT_RETURN_TYPE = YES_ERROR;
				GCC_WARN_UNDECLARED_SELECTOR = YES;
				GCC_WARN_UNINITIALIZED_AUTOS = YES_AGGRESSIVE;
				GCC_WARN_UNUSED_FUNCTION = YES;
				GCC_WARN_UNUSED_VARIABLE = YES;
				IPHONEOS_DEPLOYMENT_TARGET = 9.3;
				MTL_ENABLE_DEBUG_INFO = NO;
				SDKROOT = iphoneos;
				VALIDATE_PRODUCT = YES;
			};
			name = Release;
		};
		7E1192D81D4C3ABD004C34FC /* Debug */ = {
			isa = XCBuildConfiguration;
			buildSettings = {
				ASSETCATALOG_COMPILER_APPICON_NAME = AppIcon;
				INFOPLIST_FILE = QuizGoT/Info.plist;
				LD_RUNPATH_SEARCH_PATHS = "$(inherited) @executable_path/Frameworks";
				PRODUCT_BUNDLE_IDENTIFIER = com.samueldfo.QuizGoT;
				PRODUCT_NAME = "$(TARGET_NAME)";
			};
			name = Debug;
		};
		7E1192D91D4C3ABD004C34FC /* Release */ = {
			isa = XCBuildConfiguration;
			buildSettings = {
				ASSETCATALOG_COMPILER_APPICON_NAME = AppIcon;
				INFOPLIST_FILE = QuizGoT/Info.plist;
				LD_RUNPATH_SEARCH_PATHS = "$(inherited) @executable_path/Frameworks";
				PRODUCT_BUNDLE_IDENTIFIER = com.samueldfo.QuizGoT;
				PRODUCT_NAME = "$(TARGET_NAME)";
			};
			name = Release;
		};
/* End XCBuildConfiguration section */

/* Begin XCConfigurationList section */
		7E1192C01D4C3ABD004C34FC /* Build configuration list for PBXProject "QuizGoT" */ = {
			isa = XCConfigurationList;
			buildConfigurations = (
				7E1192D51D4C3ABD004C34FC /* Debug */,
				7E1192D61D4C3ABD004C34FC /* Release */,
			);
			defaultConfigurationIsVisible = 0;
			defaultConfigurationName = Release;
		};
		7E1192D71D4C3ABD004C34FC /* Build configuration list for PBXNativeTarget "QuizGoT" */ = {
			isa = XCConfigurationList;
			buildConfigurations = (
				7E1192D81D4C3ABD004C34FC /* Debug */,
				7E1192D91D4C3ABD004C34FC /* Release */,
			);
			defaultConfigurationIsVisible = 0;
			defaultConfigurationName = Release;
		};
/* End XCConfigurationList section */
	};
	rootObject = 7E1192BD1D4C3ABD004C34FC /* Project object */;
}
